
Microsoft Visual Studio Solution File, Format Version 12.00
# Visual Studio Version 16
VisualStudioVersion = 16.0.31205.134
MinimumVisualStudioVersion = 10.0.40219.1
Project("{FAE04EC0-301F-11D3-BF4B-00C04F79EFBC}") = "ConsoleApp1", "ConsoleApp1\ConsoleApp1.csproj", "{E4158D27-538A-4D87-B76E-F628BB6B00D1}"
EndProject
Global
	GlobalSection(SolutionConfigurationPlatforms) = preSolution
		Debug|Any CPU = Debug|Any CPU
		Release|Any CPU = Release|Any CPU
	EndGlobalSection
	GlobalSection(ProjectConfigurationPlatforms) = postSolution
		{E4158D27-538A-4D87-B76E-F628BB6B00D1}.Debug|Any CPU.ActiveCfg = Debug|Any CPU
		{E4158D27-538A-4D87-B76E-F628BB6B00D1}.Debug|Any CPU.Build.0 = Debug|Any CPU
		{E4158D27-538A-4D87-B76E-F628BB6B00D1}.Release|Any CPU.ActiveCfg = Release|Any CPU
		{E4158D27-538A-4D87-B76E-F628BB6B00D1}.Release|Any CPU.Build.0 = Release|Any CPU
	EndGlobalSection
	GlobalSection(SolutionProperties) = preSolution
		HideSolutionNode = FALSE
	EndGlobalSection
	GlobalSection(ExtensibilityGlobals) = postSolution
		SolutionGuid = {3AD2A21D-4C45-40C4-A83B-AED8059F843C}
	EndGlobalSection
EndGlobal
